
Microsoft Visual Studio Solution File, Format Version 12.00
# Visual Studio 15
Project("{FAE04EC0-301F-11D3-BF4B-00C04F79EFBC}") = "PAB_NIEDZ_SOLT", "PAB_NIEDZ_SOLT\PAB_NIEDZ_SOLT.csproj", "{B8AD898C-95E5-4A4A-908A-CA6B511845EE}"
EndProject
Global
	GlobalSection(SolutionConfigurationPlatforms) = preSolution
		Debug|Any CPU = Debug|Any CPU
		Release|Any CPU = Release|Any CPU
	EndGlobalSection
	GlobalSection(ProjectConfigurationPlatforms) = postSolution
		{B8AD898C-95E5-4A4A-908A-CA6B511845EE}.Debug|Any CPU.ActiveCfg = Debug|Any CPU
		{B8AD898C-95E5-4A4A-908A-CA6B511845EE}.Debug|Any CPU.Build.0 = Debug|Any CPU
		{B8AD898C-95E5-4A4A-908A-CA6B511845EE}.Release|Any CPU.ActiveCfg = Release|Any CPU
		{B8AD898C-95E5-4A4A-908A-CA6B511845EE}.Release|Any CPU.Build.0 = Release|Any CPU
	EndGlobalSection
EndGlobal
